
Microsoft Visual Studio Solution File, Format Version 12.00
# Visual Studio Version 16
VisualStudioVersion = 16.0.30517.126
MinimumVisualStudioVersion = 15.0.26124.0
Project("{9A19103F-16F7-4668-BE54-9A1E7A4F7556}") = "DR.Common.AWS.S3", "DR.Common.AWS.S3\DR.Common.AWS.S3.csproj", "{91B1DB64-F7B9-4EF7-9917-1BD4AB9C82C1}"
EndProject
Project("{9A19103F-16F7-4668-BE54-9A1E7A4F7556}") = "DR.Common.AWS.S3.LinqPad", "DR.Common.AWS.S3.LinqPad\DR.Common.AWS.S3.LinqPad.csproj", "{05919A5E-3406-4CB0-AF1A-FA300F72847D}"
EndProject
Project("{2150E333-8FDC-42A3-9474-1A3956D46DE8}") = "Solution Files", "Solution Files", "{A1BEBD10-38D9-4E35-BD0E-067B9D27EA2F}"
	ProjectSection(SolutionItems) = preProject
		LICENSE = LICENSE
		README.md = README.md
	EndProjectSection
EndProject
Global
	GlobalSection(SolutionConfigurationPlatforms) = preSolution
		Debug|Any CPU = Debug|Any CPU
		Debug|x64 = Debug|x64
		Debug|x86 = Debug|x86
		Release|Any CPU = Release|Any CPU
		Release|x64 = Release|x64
		Release|x86 = Release|x86
	EndGlobalSection
	GlobalSection(ProjectConfigurationPlatforms) = postSolution
		{91B1DB64-F7B9-4EF7-9917-1BD4AB9C82C1}.Debug|Any CPU.ActiveCfg = Debug|Any CPU
		{91B1DB64-F7B9-4EF7-9917-1BD4AB9C82C1}.Debug|Any CPU.Build.0 = Debug|Any CPU
		{91B1DB64-F7B9-4EF7-9917-1BD4AB9C82C1}.Debug|x64.ActiveCfg = Debug|Any CPU
		{91B1DB64-F7B9-4EF7-9917-1BD4AB9C82C1}.Debug|x64.Build.0 = Debug|Any CPU
		{91B1DB64-F7B9-4EF7-9917-1BD4AB9C82C1}.Debug|x86.ActiveCfg = Debug|Any CPU
		{91B1DB64-F7B9-4EF7-9917-1BD4AB9C82C1}.Debug|x86.Build.0 = Debug|Any CPU
		{91B1DB64-F7B9-4EF7-9917-1BD4AB9C82C1}.Release|Any CPU.ActiveCfg = Release|Any CPU
		{91B1DB64-F7B9-4EF7-9917-1BD4AB9C82C1}.Release|Any CPU.Build.0 = Release|Any CPU
		{91B1DB64-F7B9-4EF7-9917-1BD4AB9C82C1}.Release|x64.ActiveCfg = Release|Any CPU
		{91B1DB64-F7B9-4EF7-9917-1BD4AB9C82C1}.Release|x64.Build.0 = Release|Any CPU
		{91B1DB64-F7B9-4EF7-9917-1BD4AB9C82C1}.Release|x86.ActiveCfg = Release|Any CPU
		{91B1DB64-F7B9-4EF7-9917-1BD4AB9C82C1}.Release|x86.Build.0 = Release|Any CPU
		{05919A5E-3406-4CB0-AF1A-FA300F72847D}.Debug|Any CPU.ActiveCfg = Debug|Any CPU
		{05919A5E-3406-4CB0-AF1A-FA300F72847D}.Debug|Any CPU.Build.0 = Debug|Any CPU
		{05919A5E-3406-4CB0-AF1A-FA300F72847D}.Debug|x64.ActiveCfg = Debug|Any CPU
		{05919A5E-3406-4CB0-AF1A-FA300F72847D}.Debug|x64.Build.0 = Debug|Any CPU
		{05919A5E-3406-4CB0-AF1A-FA300F72847D}.Debug|x86.ActiveCfg = Debug|Any CPU
		{05919A5E-3406-4CB0-AF1A-FA300F72847D}.Debug|x86.Build.0 = Debug|Any CPU
		{05919A5E-3406-4CB0-AF1A-FA300F72847D}.Release|Any CPU.ActiveCfg = Release|Any CPU
		{05919A5E-3406-4CB0-AF1A-FA300F72847D}.Release|Any CPU.Build.0 = Release|Any CPU
		{05919A5E-3406-4CB0-AF1A-FA300F72847D}.Release|x64.ActiveCfg = Release|Any CPU
		{05919A5E-3406-4CB0-AF1A-FA300F72847D}.Release|x64.Build.0 = Release|Any CPU
		{05919A5E-3406-4CB0-AF1A-FA300F72847D}.Release|x86.ActiveCfg = Release|Any CPU
		{05919A5E-3406-4CB0-AF1A-FA300F72847D}.Release|x86.Build.0 = Release|Any CPU
	EndGlobalSection
	GlobalSection(SolutionProperties) = preSolution
		HideSolutionNode = FALSE
	EndGlobalSection
	GlobalSection(ExtensibilityGlobals) = postSolution
		SolutionGuid = {5C196144-0E63-4B3E-9172-876648809694}
	EndGlobalSection
EndGlobal
